// !$*UTF8*$!
{
	archiveVersion = 1;
	classes = {
	};
	objectVersion = 50;
	objects = {

/* Begin PBXBuildFile section */
		5A52C67F5D09EE9380F5E9DD /* Pods_Daily_Activity.framework in Frameworks */ = {isa = PBXBuildFile; fileRef = 046EC54C1BA7786B146677DE /* Pods_Daily_Activity.framework */; };
		8FC564DC228BCFF60064151F /* AppDelegate.swift in Sources */ = {isa = PBXBuildFile; fileRef = 8FC564DB228BCFF60064151F /* AppDelegate.swift */; };
		8FC564DE228BCFF60064151F /* ActivityHistoryVC.swift in Sources */ = {isa = PBXBuildFile; fileRef = 8FC564DD228BCFF60064151F /* ActivityHistoryVC.swift */; };
		8FC564E1228BCFF60064151F /* Main.storyboard in Resources */ = {isa = PBXBuildFile; fileRef = 8FC564DF228BCFF60064151F /* Main.storyboard */; };
		8FC564E4228BCFF60064151F /* Daily_Activity.xcdatamodeld in Sources */ = {isa = PBXBuildFile; fileRef = 8FC564E2228BCFF60064151F /* Daily_Activity.xcdatamodeld */; };
		8FC564E6228BCFFD0064151F /* Assets.xcassets in Resources */ = {isa = PBXBuildFile; fileRef = 8FC564E5228BCFFD0064151F /* Assets.xcassets */; };
		8FC564E9228BCFFD0064151F /* LaunchScreen.storyboard in Resources */ = {isa = PBXBuildFile; fileRef = 8FC564E7228BCFFD0064151F /* LaunchScreen.storyboard */; };
		8FC564F1228BEC3F0064151F /* AddActivityVC.swift in Sources */ = {isa = PBXBuildFile; fileRef = 8FC564F0228BEC3F0064151F /* AddActivityVC.swift */; };
		8FC564F5228BEEAC0064151F /* Utile.swift in Sources */ = {isa = PBXBuildFile; fileRef = 8FC564F4228BEEAC0064151F /* Utile.swift */; };
		8FC564F7228BEEF90064151F /* UIDeviceExtension.swift in Sources */ = {isa = PBXBuildFile; fileRef = 8FC564F6228BEEF90064151F /* UIDeviceExtension.swift */; };
		8FC564FA228BEFE40064151F /* Constant.swift in Sources */ = {isa = PBXBuildFile; fileRef = 8FC564F9228BEFE40064151F /* Constant.swift */; };
		8FC564FC228BF2750064151F /* LabelDesign.swift in Sources */ = {isa = PBXBuildFile; fileRef = 8FC564FB228BF2750064151F /* LabelDesign.swift */; };
		8FC564FE228C40230064151F /* ActivitiesListVC.swift in Sources */ = {isa = PBXBuildFile; fileRef = 8FC564FD228C40230064151F /* ActivitiesListVC.swift */; };
/* End PBXBuildFile section */

/* Begin PBXFileReference section */
		046EC54C1BA7786B146677DE /* Pods_Daily_Activity.framework */ = {isa = PBXFileReference; explicitFileType = wrapper.framework; includeInIndex = 0; path = Pods_Daily_Activity.framework; sourceTree = BUILT_PRODUCTS_DIR; };
		6FD553DD583EFCC4DF56CA97 /* Pods-Daily-Activity.debug.xcconfig */ = {isa = PBXFileReference; includeInIndex = 1; lastKnownFileType = text.xcconfig; name = "Pods-Daily-Activity.debug.xcconfig"; path = "Pods/Target Support Files/Pods-Daily-Activity/Pods-Daily-Activity.debug.xcconfig"; sourceTree = "<group>"; };
		8FC564D8228BCFF60064151F /* Daily-Activity.app */ = {isa = PBXFileReference; explicitFileType = wrapper.application; includeInIndex = 0; path = "Daily-Activity.app"; sourceTree = BUILT_PRODUCTS_DIR; };
		8FC564DB228BCFF60064151F /* AppDelegate.swift */ = {isa = PBXFileReference; lastKnownFileType = sourcecode.swift; path = AppDelegate.swift; sourceTree = "<group>"; };
		8FC564DD228BCFF60064151F /* ActivityHistoryVC.swift */ = {isa = PBXFileReference; lastKnownFileType = sourcecode.swift; path = ActivityHistoryVC.swift; sourceTree = "<group>"; };
		8FC564E0228BCFF60064151F /* Base */ = {isa = PBXFileReference; lastKnownFileType = file.storyboard; name = Base; path = Base.lproj/Main.storyboard; sourceTree = "<group>"; };
		8FC564E3228BCFF60064151F /* Daily_Activity.xcdatamodel */ = {isa = PBXFileReference; lastKnownFileType = wrapper.xcdatamodel; path = Daily_Activity.xcdatamodel; sourceTree = "<group>"; };
		8FC564E5228BCFFD0064151F /* Assets.xcassets */ = {isa = PBXFileReference; lastKnownFileType = folder.assetcatalog; path = Assets.xcassets; sourceTree = "<group>"; };
		8FC564E8228BCFFD0064151F /* Base */ = {isa = PBXFileReference; lastKnownFileType = file.storyboard; name = Base; path = Base.lproj/LaunchScreen.storyboard; sourceTree = "<group>"; };
		8FC564EA228BCFFD0064151F /* Info.plist */ = {isa = PBXFileReference; lastKnownFileType = text.plist.xml; path = Info.plist; sourceTree = "<group>"; };
		8FC564F0228BEC3F0064151F /* AddActivityVC.swift */ = {isa = PBXFileReference; lastKnownFileType = sourcecode.swift; path = AddActivityVC.swift; sourceTree = "<group>"; };
		8FC564F4228BEEAC0064151F /* Utile.swift */ = {isa = PBXFileReference; fileEncoding = 4; lastKnownFileType = sourcecode.swift; path = Utile.swift; sourceTree = "<group>"; };
		8FC564F6228BEEF90064151F /* UIDeviceExtension.swift */ = {isa = PBXFileReference; fileEncoding = 4; lastKnownFileType = sourcecode.swift; path = UIDeviceExtension.swift; sourceTree = "<group>"; };
		8FC564F9228BEFE40064151F /* Constant.swift */ = {isa = PBXFileReference; fileEncoding = 4; lastKnownFileType = sourcecode.swift; path = Constant.swift; sourceTree = "<group>"; };
		8FC564FB228BF2750064151F /* LabelDesign.swift */ = {isa = PBXFileReference; fileEncoding = 4; lastKnownFileType = sourcecode.swift; path = LabelDesign.swift; sourceTree = "<group>"; };
		8FC564FD228C40230064151F /* ActivitiesListVC.swift */ = {isa = PBXFileReference; lastKnownFileType = sourcecode.swift; path = ActivitiesListVC.swift; sourceTree = "<group>"; };
		E3EA537DF9D018BB8A900A9B /* Pods-Daily-Activity.release.xcconfig */ = {isa = PBXFileReference; includeInIndex = 1; lastKnownFileType = text.xcconfig; name = "Pods-Daily-Activity.release.xcconfig"; path = "Pods/Target Support Files/Pods-Daily-Activity/Pods-Daily-Activity.release.xcconfig"; sourceTree = "<group>"; };
/* End PBXFileReference section */

/* Begin PBXFrameworksBuildPhase section */
		8FC564D5228BCFF60064151F /* Frameworks */ = {
			isa = PBXFrameworksBuildPhase;
			buildActionMask = 2147483647;
			files = (
				5A52C67F5D09EE9380F5E9DD /* Pods_Daily_Activity.framework in Frameworks */,
			);
			runOnlyForDeploymentPostprocessing = 0;
		};
/* End PBXFrameworksBuildPhase section */

/* Begin PBXGroup section */
		5D38B697D741B783CAD583AA /* Frameworks */ = {
			isa = PBXGroup;
			children = (
				046EC54C1BA7786B146677DE /* Pods_Daily_Activity.framework */,
			);
			name = Frameworks;
			sourceTree = "<group>";
		};
		8FC564CF228BCFF60064151F = {
			isa = PBXGroup;
			children = (
				8FC564DA228BCFF60064151F /* Daily-Activity */,
				8FC564D9228BCFF60064151F /* Products */,
				A7F03324810A119BA5565870 /* Pods */,
				5D38B697D741B783CAD583AA /* Frameworks */,
			);
			sourceTree = "<group>";
		};
		8FC564D9228BCFF60064151F /* Products */ = {
			isa = PBXGroup;
			children = (
				8FC564D8228BCFF60064151F /* Daily-Activity.app */,
			);
			name = Products;
			sourceTree = "<group>";
		};
		8FC564DA228BCFF60064151F /* Daily-Activity */ = {
			isa = PBXGroup;
			children = (
				8FC564DB228BCFF60064151F /* AppDelegate.swift */,
				8FC564DD228BCFF60064151F /* ActivityHistoryVC.swift */,
				8FC564F0228BEC3F0064151F /* AddActivityVC.swift */,
				8FC564FD228C40230064151F /* ActivitiesListVC.swift */,
				8FC564F8228BEEFD0064151F /* Resources */,
				8FC564DF228BCFF60064151F /* Main.storyboard */,
				8FC564E5228BCFFD0064151F /* Assets.xcassets */,
				8FC564E7228BCFFD0064151F /* LaunchScreen.storyboard */,
				8FC564EA228BCFFD0064151F /* Info.plist */,
				8FC564E2228BCFF60064151F /* Daily_Activity.xcdatamodeld */,
			);
			path = "Daily-Activity";
			sourceTree = "<group>";
		};
		8FC564F8228BEEFD0064151F /* Resources */ = {
			isa = PBXGroup;
			children = (
				8FC564F4228BEEAC0064151F /* Utile.swift */,
				8FC564F6228BEEF90064151F /* UIDeviceExtension.swift */,
				8FC564F9228BEFE40064151F /* Constant.swift */,
				8FC564FB228BF2750064151F /* LabelDesign.swift */,
			);
			path = Resources;
			sourceTree = "<group>";
		};
		A7F03324810A119BA5565870 /* Pods */ = {
			isa = PBXGroup;
			children = (
				6FD553DD583EFCC4DF56CA97 /* Pods-Daily-Activity.debug.xcconfig */,
				E3EA537DF9D018BB8A900A9B /* Pods-Daily-Activity.release.xcconfig */,
			);
			name = Pods;
			sourceTree = "<group>";
		};
/* End PBXGroup section */

/* Begin PBXNativeTarget section */
		8FC564D7228BCFF60064151F /* Daily-Activity */ = {
			isa = PBXNativeTarget;
			buildConfigurationList = 8FC564ED228BCFFD0064151F /* Build configuration list for PBXNativeTarget "Daily-Activity" */;
			buildPhases = (
				1A6A95AF935F4C514B309866 /* [CP] Check Pods Manifest.lock */,
				8FC564D4228BCFF60064151F /* Sources */,
				8FC564D5228BCFF60064151F /* Frameworks */,
				8FC564D6228BCFF60064151F /* Resources */,
				D3D29DE554014851461D287A /* [CP] Embed Pods Frameworks */,
			);
			buildRules = (
			);
			dependencies = (
			);
			name = "Daily-Activity";
			productName = "Daily-Activity";
			productReference = 8FC564D8228BCFF60064151F /* Daily-Activity.app */;
			productType = "com.apple.product-type.application";
		};
/* End PBXNativeTarget section */

/* Begin PBXProject section */
		8FC564D0228BCFF60064151F /* Project object */ = {
			isa = PBXProject;
			attributes = {
				LastSwiftUpdateCheck = 1020;
				LastUpgradeCheck = 1020;
				ORGANIZATIONNAME = swiftserieschannel;
				TargetAttributes = {
					8FC564D7228BCFF60064151F = {
						CreatedOnToolsVersion = 10.2.1;
					};
				};
			};
			buildConfigurationList = 8FC564D3228BCFF60064151F /* Build configuration list for PBXProject "Daily-Activity" */;
			compatibilityVersion = "Xcode 9.3";
			developmentRegion = en;
			hasScannedForEncodings = 0;
			knownRegions = (
				en,
				Base,
			);
			mainGroup = 8FC564CF228BCFF60064151F;
			productRefGroup = 8FC564D9228BCFF60064151F /* Products */;
			projectDirPath = "";
			projectRoot = "";
			targets = (
				8FC564D7228BCFF60064151F /* Daily-Activity */,
			);
		};
/* End PBXProject section */

/* Begin PBXResourcesBuildPhase section */
		8FC564D6228BCFF60064151F /* Resources */ = {
			isa = PBXResourcesBuildPhase;
			buildActionMask = 2147483647;
			files = (
				8FC564E9228BCFFD0064151F /* LaunchScreen.storyboard in Resources */,
				8FC564E6228BCFFD0064151F /* Assets.xcassets in Resources */,
				8FC564E1228BCFF60064151F /* Main.storyboard in Resources */,
			);
			runOnlyForDeploymentPostprocessing = 0;
		};
/* End PBXResourcesBuildPhase section */

/* Begin PBXShellScriptBuildPhase section */
		1A6A95AF935F4C514B309866 /* [CP] Check Pods Manifest.lock */ = {
			isa = PBXShellScriptBuildPhase;
			buildActionMask = 2147483647;
			files = (
			);
			inputFileListPaths = (
			);
			inputPaths = (
				"${PODS_PODFILE_DIR_PATH}/Podfile.lock",
				"${PODS_ROOT}/Manifest.lock",
			);
			name = "[CP] Check Pods Manifest.lock";
			outputFileListPaths = (
			);
			outputPaths = (
				"$(DERIVED_FILE_DIR)/Pods-Daily-Activity-checkManifestLockResult.txt",
			);
			runOnlyForDeploymentPostprocessing = 0;
			shellPath = /bin/sh;
			shellScript = "diff \"${PODS_PODFILE_DIR_PATH}/Podfile.lock\" \"${PODS_ROOT}/Manifest.lock\" > /dev/null\nif [ $? != 0 ] ; then\n    # print error to STDERR\n    echo \"error: The sandbox is not in sync with the Podfile.lock. Run 'pod install' or update your CocoaPods installation.\" >&2\n    exit 1\nfi\n# This output is used by Xcode 'outputs' to avoid re-running this script phase.\necho \"SUCCESS\" > \"${SCRIPT_OUTPUT_FILE_0}\"\n";
			showEnvVarsInLog = 0;
		};
		D3D29DE554014851461D287A /* [CP] Embed Pods Frameworks */ = {
			isa = PBXShellScriptBuildPhase;
			buildActionMask = 2147483647;
			files = (
			);
			inputFileListPaths = (
			);
			inputPaths = (
				"${SRCROOT}/Pods/Target Support Files/Pods-Daily-Activity/Pods-Daily-Activity-frameworks.sh",
				"${BUILT_PRODUCTS_DIR}/DropDown/DropDown.framework",
			);
			name = "[CP] Embed Pods Frameworks";
			outputFileListPaths = (
			);
			outputPaths = (
				"${TARGET_BUILD_DIR}/${FRAMEWORKS_FOLDER_PATH}/DropDown.framework",
			);
			runOnlyForDeploymentPostprocessing = 0;
			shellPath = /bin/sh;
			shellScript = "\"${SRCROOT}/Pods/Target Support Files/Pods-Daily-Activity/Pods-Daily-Activity-frameworks.sh\"\n";
			showEnvVarsInLog = 0;
		};
/* End PBXShellScriptBuildPhase section */

/* Begin PBXSourcesBuildPhase section */
		8FC564D4228BCFF60064151F /* Sources */ = {
			isa = PBXSourcesBuildPhase;
			buildActionMask = 2147483647;
			files = (
				8FC564FA228BEFE40064151F /* Constant.swift in Sources */,
				8FC564E4228BCFF60064151F /* Daily_Activity.xcdatamodeld in Sources */,
				8FC564FE228C40230064151F /* ActivitiesListVC.swift in Sources */,
				8FC564F1228BEC3F0064151F /* AddActivityVC.swift in Sources */,
				8FC564F5228BEEAC0064151F /* Utile.swift in Sources */,
				8FC564F7228BEEF90064151F /* UIDeviceExtension.swift in Sources */,
				8FC564DE228BCFF60064151F /* ActivityHistoryVC.swift in Sources */,
				8FC564FC228BF2750064151F /* LabelDesign.swift in Sources */,
				8FC564DC228BCFF60064151F /* AppDelegate.swift in Sources */,
			);
			runOnlyForDeploymentPostprocessing = 0;
		};
/* End PBXSourcesBuildPhase section */

/* Begin PBXVariantGroup section */
		8FC564DF228BCFF60064151F /* Main.storyboard */ = {
			isa = PBXVariantGroup;
			children = (
				8FC564E0228BCFF60064151F /* Base */,
			);
			name = Main.storyboard;
			sourceTree = "<group>";
		};
		8FC564E7228BCFFD0064151F /* LaunchScreen.storyboard */ = {
			isa = PBXVariantGroup;
			children = (
				8FC564E8228BCFFD0064151F /* Base */,
			);
			name = LaunchScreen.storyboard;
			sourceTree = "<group>";
		};
/* End PBXVariantGroup section */

/* Begin XCBuildConfiguration section */
		8FC564EB228BCFFD0064151F /* Debug */ = {
			isa = XCBuildConfiguration;
			buildSettings = {
				ALWAYS_SEARCH_USER_PATHS = NO;
				CLANG_ANALYZER_NONNULL = YES;
				CLANG_ANALYZER_NUMBER_OBJECT_CONVERSION = YES_AGGRESSIVE;
				CLANG_CXX_LANGUAGE_STANDARD = "gnu++14";
				CLANG_CXX_LIBRARY = "libc++";
				CLANG_ENABLE_MODULES = YES;
				CLANG_ENABLE_OBJC_ARC = YES;
				CLANG_ENABLE_OBJC_WEAK = YES;
				CLANG_WARN_BLOCK_CAPTURE_AUTORELEASING = YES;
				CLANG_WARN_BOOL_CONVERSION = YES;
				CLANG_WARN_COMMA = YES;
				CLANG_WARN_CONSTANT_CONVERSION = YES;
				CLANG_WARN_DEPRECATED_OBJC_IMPLEMENTATIONS = YES;
				CLANG_WARN_DIRECT_OBJC_ISA_USAGE = YES_ERROR;
				CLANG_WARN_DOCUMENTATION_COMMENTS = YES;
				CLANG_WARN_EMPTY_BODY = YES;
				CLANG_WARN_ENUM_CONVERSION = YES;
				CLANG_WARN_INFINITE_RECURSION = YES;
				CLANG_WARN_INT_CONVERSION = YES;
				CLANG_WARN_NON_LITERAL_NULL_CONVERSION = YES;
				CLANG_WARN_OBJC_IMPLICIT_RETAIN_SELF = YES;
				CLANG_WARN_OBJC_LITERAL_CONVERSION = YES;
				CLANG_WARN_OBJC_ROOT_CLASS = YES_ERROR;
				CLANG_WARN_RANGE_LOOP_ANALYSIS = YES;
				CLANG_WARN_STRICT_PROTOTYPES = YES;
				CLANG_WARN_SUSPICIOUS_MOVE = YES;
				CLANG_WARN_UNGUARDED_AVAILABILITY = YES_AGGRESSIVE;
				CLANG_WARN_UNREACHABLE_CODE = YES;
				CLANG_WARN__DUPLICATE_METHOD_MATCH = YES;
				CODE_SIGN_IDENTITY = "iPhone Developer";
				COPY_PHASE_STRIP = NO;
				DEBUG_INFORMATION_FORMAT = dwarf;
				ENABLE_STRICT_OBJC_MSGSEND = YES;
				ENABLE_TESTABILITY = YES;
				GCC_C_LANGUAGE_STANDARD = gnu11;
				GCC_DYNAMIC_NO_PIC = NO;
				GCC_NO_COMMON_BLOCKS = YES;
				GCC_OPTIMIZATION_LEVEL = 0;
				GCC_PREPROCESSOR_DEFINITIONS = (
					"DEBUG=1",
					"$(inherited)",
				);
				GCC_WARN_64_TO_32_BIT_CONVERSION = YES;
				GCC_WARN_ABOUT_RETURN_TYPE = YES_ERROR;
				GCC_WARN_UNDECLARED_SELECTOR = YES;
				GCC_WARN_UNINITIALIZED_AUTOS = YES_AGGRESSIVE;
				GCC_WARN_UNUSED_FUNCTION = YES;
				GCC_WARN_UNUSED_VARIABLE = YES;
				IPHONEOS_DEPLOYMENT_TARGET = 12.2;
				MTL_ENABLE_DEBUG_INFO = INCLUDE_SOURCE;
				MTL_FAST_MATH = YES;
				ONLY_ACTIVE_ARCH = YES;
				SDKROOT = iphoneos;
				SWIFT_ACTIVE_COMPILATION_CONDITIONS = DEBUG;
				SWIFT_OPTIMIZATION_LEVEL = "-Onone";
			};
			name = Debug;
		};
		8FC564EC228BCFFD0064151F /* Release */ = {
			isa = XCBuildConfiguration;
			buildSettings = {
				ALWAYS_SEARCH_USER_PATHS = NO;
				CLANG_ANALYZER_NONNULL = YES;
				CLANG_ANALYZER_NUMBER_OBJECT_CONVERSION = YES_AGGRESSIVE;
				CLANG_CXX_LANGUAGE_STANDARD = "gnu++14";
				CLANG_CXX_LIBRARY = "libc++";
				CLANG_ENABLE_MODULES = YES;
				CLANG_ENABLE_OBJC_ARC = YES;
				CLANG_ENABLE_OBJC_WEAK = YES;
				CLANG_WARN_BLOCK_CAPTURE_AUTORELEASING = YES;
				CLANG_WARN_BOOL_CONVERSION = YES;
				CLANG_WARN_COMMA = YES;
				CLANG_WARN_CONSTANT_CONVERSION = YES;
				CLANG_WARN_DEPRECATED_OBJC_IMPLEMENTATIONS = YES;
				CLANG_WARN_DIRECT_OBJC_ISA_USAGE = YES_ERROR;
				CLANG_WARN_DOCUMENTATION_COMMENTS = YES;
				CLANG_WARN_EMPTY_BODY = YES;
				CLANG_WARN_ENUM_CONVERSION = YES;
				CLANG_WARN_INFINITE_RECURSION = YES;
				CLANG_WARN_INT_CONVERSION = YES;
				CLANG_WARN_NON_LITERAL_NULL_CONVERSION = YES;
				CLANG_WARN_OBJC_IMPLICIT_RETAIN_SELF = YES;
				CLANG_WARN_OBJC_LITERAL_CONVERSION = YES;
				CLANG_WARN_OBJC_ROOT_CLASS = YES_ERROR;
				CLANG_WARN_RANGE_LOOP_ANALYSIS = YES;
				CLANG_WARN_STRICT_PROTOTYPES = YES;
				CLANG_WARN_SUSPICIOUS_MOVE = YES;
				CLANG_WARN_UNGUARDED_AVAILABILITY = YES_AGGRESSIVE;
				CLANG_WARN_UNREACHABLE_CODE = YES;
				CLANG_WARN__DUPLICATE_METHOD_MATCH = YES;
				CODE_SIGN_IDENTITY = "iPhone Developer";
				COPY_PHASE_STRIP = NO;
				DEBUG_INFORMATION_FORMAT = "dwarf-with-dsym";
				ENABLE_NS_ASSERTIONS = NO;
				ENABLE_STRICT_OBJC_MSGSEND = YES;
				GCC_C_LANGUAGE_STANDARD = gnu11;
				GCC_NO_COMMON_BLOCKS = YES;
				GCC_WARN_64_TO_32_BIT_CONVERSION = YES;
				GCC_WARN_ABOUT_RETURN_TYPE = YES_ERROR;
				GCC_WARN_UNDECLARED_SELECTOR = YES;
				GCC_WARN_UNINITIALIZED_AUTOS = YES_AGGRESSIVE;
				GCC_WARN_UNUSED_FUNCTION = YES;
				GCC_WARN_UNUSED_VARIABLE = YES;
				IPHONEOS_DEPLOYMENT_TARGET = 12.2;
				MTL_ENABLE_DEBUG_INFO = NO;
				MTL_FAST_MATH = YES;
				SDKROOT = iphoneos;
				SWIFT_COMPILATION_MODE = wholemodule;
				SWIFT_OPTIMIZATION_LEVEL = "-O";
				VALIDATE_PRODUCT = YES;
			};
			name = Release;
		};
		8FC564EE228BCFFD0064151F /* Debug */ = {
			isa = XCBuildConfiguration;
			baseConfigurationReference = 6FD553DD583EFCC4DF56CA97 /* Pods-Daily-Activity.debug.xcconfig */;
			buildSettings = {
				ASSETCATALOG_COMPILER_APPICON_NAME = AppIcon;
				CODE_SIGN_STYLE = Automatic;
				INFOPLIST_FILE = "Daily-Activity/Info.plist";
				LD_RUNPATH_SEARCH_PATHS = (
					"$(inherited)",
					"@executable_path/Frameworks",
				);
				PRODUCT_BUNDLE_IDENTIFIER = "org.swiftserieschannel.Daily-Activity";
				PRODUCT_NAME = "$(TARGET_NAME)";
				SWIFT_VERSION = 5.0;
				TARGETED_DEVICE_FAMILY = "1,2";
			};
			name = Debug;
		};
		8FC564EF228BCFFD0064151F /* Release */ = {
			isa = XCBuildConfiguration;
			baseConfigurationReference = E3EA537DF9D018BB8A900A9B /* Pods-Daily-Activity.release.xcconfig */;
			buildSettings = {
				ASSETCATALOG_COMPILER_APPICON_NAME = AppIcon;
				CODE_SIGN_STYLE = Automatic;
				INFOPLIST_FILE = "Daily-Activity/Info.plist";
				LD_RUNPATH_SEARCH_PATHS = (
					"$(inherited)",
					"@executable_path/Frameworks",
				);
				PRODUCT_BUNDLE_IDENTIFIER = "org.swiftserieschannel.Daily-Activity";
				PRODUCT_NAME = "$(TARGET_NAME)";
				SWIFT_VERSION = 5.0;
				TARGETED_DEVICE_FAMILY = "1,2";
			};
			name = Release;
		};
/* End XCBuildConfiguration section */

/* Begin XCConfigurationList section */
		8FC564D3228BCFF60064151F /* Build configuration list for PBXProject "Daily-Activity" */ = {
			isa = XCConfigurationList;
			buildConfigurations = (
				8FC564EB228BCFFD0064151F /* Debug */,
				8FC564EC228BCFFD0064151F /* Release */,
			);
			defaultConfigurationIsVisible = 0;
			defaultConfigurationName = Release;
		};
		8FC564ED228BCFFD0064151F /* Build configuration list for PBXNativeTarget "Daily-Activity" */ = {
			isa = XCConfigurationList;
			buildConfigurations = (
				8FC564EE228BCFFD0064151F /* Debug */,
				8FC564EF228BCFFD0064151F /* Release */,
			);
			defaultConfigurationIsVisible = 0;
			defaultConfigurationName = Release;
		};
/* End XCConfigurationList section */

/* Begin XCVersionGroup section */
		8FC564E2228BCFF60064151F /* Daily_Activity.xcdatamodeld */ = {
			isa = XCVersionGroup;
			children = (
				8FC564E3228BCFF60064151F /* Daily_Activity.xcdatamodel */,
			);
			currentVersion = 8FC564E3228BCFF60064151F /* Daily_Activity.xcdatamodel */;
			path = Daily_Activity.xcdatamodeld;
			sourceTree = "<group>";
			versionGroupType = wrapper.xcdatamodel;
		};
/* End XCVersionGroup section */
	};
	rootObject = 8FC564D0228BCFF60064151F /* Project object */;
}
